
Microsoft Visual Studio Solution File, Format Version 12.00
# Visual Studio Version 17
VisualStudioVersion = 17.11.35219.272
MinimumVisualStudioVersion = 10.0.40219.1
Project("{FAE04EC0-301F-11D3-BF4B-00C04F79EFBC}") = "Assestment", "Assestment.csproj", "{EA459549-2434-4971-B331-48352B9BE80B}"
EndProject
Global
	GlobalSection(SolutionConfigurationPlatforms) = preSolution
		Debug|Any CPU = Debug|Any CPU
		Release|Any CPU = Release|Any CPU
	EndGlobalSection
	GlobalSection(ProjectConfigurationPlatforms) = postSolution
		{EA459549-2434-4971-B331-48352B9BE80B}.Debug|Any CPU.ActiveCfg = Debug|Any CPU
		{EA459549-2434-4971-B331-48352B9BE80B}.Debug|Any CPU.Build.0 = Debug|Any CPU
		{EA459549-2434-4971-B331-48352B9BE80B}.Release|Any CPU.ActiveCfg = Release|Any CPU
		{EA459549-2434-4971-B331-48352B9BE80B}.Release|Any CPU.Build.0 = Release|Any CPU
	EndGlobalSection
	GlobalSection(SolutionProperties) = preSolution
		HideSolutionNode = FALSE
	EndGlobalSection
	GlobalSection(ExtensibilityGlobals) = postSolution
		SolutionGuid = {F9AF5E61-D63A-4E48-A38E-D1431CD17CD1}
	EndGlobalSection
EndGlobal
